
Microsoft Visual Studio Solution File, Format Version 12.00
# Visual Studio Version 16
VisualStudioVersion = 16.0.28407.52
MinimumVisualStudioVersion = 10.0.40219.1
Project("{FAE04EC0-301F-11D3-BF4B-00C04F79EFBC}") = "MochiCryptUnpacker", "MochiCryptUnpacker\MochiCryptUnpacker.csproj", "{24EBC2B2-ABDB-4486-8444-2539332FCCC8}"
EndProject
Global
	GlobalSection(SolutionConfigurationPlatforms) = preSolution
		Debug|Any CPU = Debug|Any CPU
		Release|Any CPU = Release|Any CPU
	EndGlobalSection
	GlobalSection(ProjectConfigurationPlatforms) = postSolution
		{24EBC2B2-ABDB-4486-8444-2539332FCCC8}.Debug|Any CPU.ActiveCfg = Debug|Any CPU
		{24EBC2B2-ABDB-4486-8444-2539332FCCC8}.Debug|Any CPU.Build.0 = Debug|Any CPU
		{24EBC2B2-ABDB-4486-8444-2539332FCCC8}.Release|Any CPU.ActiveCfg = Release|Any CPU
		{24EBC2B2-ABDB-4486-8444-2539332FCCC8}.Release|Any CPU.Build.0 = Release|Any CPU
	EndGlobalSection
	GlobalSection(SolutionProperties) = preSolution
		HideSolutionNode = FALSE
	EndGlobalSection
	GlobalSection(ExtensibilityGlobals) = postSolution
		SolutionGuid = {D9616CCB-66E0-401C-A009-7FF1D9C42058}
	EndGlobalSection
EndGlobal
